<?xml version="1.0" encoding="utf-8"?>
<Project ToolsVersion="4.0" xmlns="http://schemas.microsoft.com/developer/msbuild/2003">
  <ItemGroup>
    <Filter Include="Source Files">
      <UniqueIdentifier>{4FC737F1-C7A5-4376-A066-2A32D752A2FF}</UniqueIdentifier>
      <Extensions>cpp;cxx;c;def</Extensions>
    </Filter>
    <Filter Include="Header Files">
      <UniqueIdentifier>{93995380-89BD-4b04-88EB-625FBE52EBFB}</UniqueIdentifier>
      <Extensions>h</Extensions>
    </Filter>
    <Filter Include="Form Files">
      <UniqueIdentifier>{99349809-55BA-4b9d-BF79-8FDBB0286EB3}</UniqueIdentifier>
      <Extensions>ui</Extensions>
    </Filter>
    <Filter Include="Resource Files">
      <UniqueIdentifier>{D9D6E242-F8AF-46E4-B9FD-80ECBC20BA3E}</UniqueIdentifier>
      <Extensions>qrc;*</Extensions>
      <ParseFiles>false</ParseFiles>
    </Filter>
    <Filter Include="Generated Files">
      <UniqueIdentifier>{71ED8ED8-ACB9-4CE9-BBE1-E00B30144E11}</UniqueIdentifier>
      <Extensions>moc;h;cpp</Extensions>
      <SourceControlFiles>False</SourceControlFiles>
    </Filter>
    <Filter Include="Generated Files\Debug">
      <UniqueIdentifier>{f40905ba-6bd7-4fdb-bbef-3750f6ba8566}</UniqueIdentifier>
      <Extensions>cpp;moc</Extensions>
      <SourceControlFiles>False</SourceControlFiles>
    </Filter>
    <Filter Include="Generated Files\Release">
      <UniqueIdentifier>{08ccf1ac-177d-4393-b28c-95ca60fa6509}</UniqueIdentifier>
      <Extensions>cpp;moc</Extensions>
      <SourceControlFiles>False</SourceControlFiles>
    </Filter>
    <Filter Include="Header Files\Controller">
      <UniqueIdentifier>{af610cd0-1ff4-4aa8-aef8-d053bdddd83c}</UniqueIdentifier>
    </Filter>
    <Filter Include="Header Files\Model">
      <UniqueIdentifier>{b6f4bd05-7540-4a78-a39b-c7d263b29ece}</UniqueIdentifier>
    </Filter>
    <Filter Include="Header Files\UI">
      <UniqueIdentifier>{3d7eeec5-2269-48ba-b1b9-4fcffe773458}</UniqueIdentifier>
    </Filter>
    <Filter Include="Header Files\UI\Delegate">
      <UniqueIdentifier>{4d112c78-b444-4db3-89a3-44dc8aee7de6}</UniqueIdentifier>
    </Filter>
    <Filter Include="Header Files\UI\Model">
      <UniqueIdentifier>{7d79f5ba-05d7-44ec-8064-0ae46322cd08}</UniqueIdentifier>
    </Filter>
    <Filter Include="Source Files\Controller">
      <UniqueIdentifier>{68d22a23-2088-409b-944b-c839fdbc2f75}</UniqueIdentifier>
    </Filter>
    <Filter Include="Source Files\Model">
      <UniqueIdentifier>{1a973fe2-a25a-426d-80f2-6642b0319adb}</UniqueIdentifier>
    </Filter>
    <Filter Include="Source Files\UI">
      <UniqueIdentifier>{c6d6ba1c-fc8b-4073-a6ef-7ca06fbe0311}</UniqueIdentifier>
    </Filter>
    <Filter Include="Source Files\UI\Delegate">
      <UniqueIdentifier>{8551307a-cd80-4ba0-9381-65b37c908a80}</UniqueIdentifier>
    </Filter>
    <Filter Include="Source Files\UI\Model">
      <UniqueIdentifier>{6d8f7e30-a5b5-426d-b1a3-3b61c0f4b897}</UniqueIdentifier>
    </Filter>
  </ItemGroup>
  <ItemGroup>
    <ClCompile Include="src\ui\delegate\taskdelegate.cpp">
      <Filter>Source Files\UI\Delegate</Filter>
    </ClCompile>
    <ClCompile Include="src\ui\delegate\workdaydelegate.cpp">
      <Filter>Source Files\UI\Delegate</Filter>
    </ClCompile>
    <ClCompile Include="src\ui\model\selectedworkdaymodel.cpp">
      <Filter>Source Files\UI\Model</Filter>
    </ClCompile>
    <ClCompile Include="src\ui\model\tasklistmodel.cpp">
      <Filter>Source Files\UI\Model</Filter>
    </ClCompile>
    <ClCompile Include="src\ui\model\workdaymodel.cpp">
      <Filter>Source Files\UI\Model</Filter>
    </ClCompile>
    <ClCompile Include="src\ui\model\worktaskmodel.cpp">
      <Filter>Source Files\UI\Model</Filter>
    </ClCompile>
    <ClCompile Include="src\ui\aboutdialog.cpp">
      <Filter>Source Files\UI</Filter>
    </ClCompile>
    <ClCompile Include="src\ui\editorwizard.cpp">
      <Filter>Source Files\UI</Filter>
    </ClCompile>
    <ClCompile Include="src\ui\editworktaskpage.cpp">
      <Filter>Source Files\UI</Filter>
    </ClCompile>
    <ClCompile Include="src\ui\preferencesdialog.cpp">
      <Filter>Source Files\UI</Filter>
    </ClCompile>
    <ClCompile Include="src\ui\selecttaskdialog.cpp">
      <Filter>Source Files\UI</Filter>
    </ClCompile>
    <ClCompile Include="src\ui\selectworkdaypage.cpp">
      <Filter>Source Files\UI</Filter>
    </ClCompile>
    <ClCompile Include="src\ui\worktracker.cpp">
      <Filter>Source Files\UI</Filter>
    </ClCompile>
    <ClCompile Include="src\model\task.cpp">
      <Filter>Source Files\Model</Filter>
    </ClCompile>
    <ClCompile Include="src\model\workday.cpp">
      <Filter>Source Files\Model</Filter>
    </ClCompile>
    <ClCompile Include="src\model\worktask.cpp">
      <Filter>Source Files\Model</Filter>
    </ClCompile>
    <ClCompile Include="src\model\worktime.cpp">
      <Filter>Source Files\Model</Filter>
    </ClCompile>
    <ClCompile Include="src\model\xmldata.cpp">
      <Filter>Source Files\Model</Filter>
    </ClCompile>
    <ClCompile Include="src\controller\editorcontroller.cpp">
      <Filter>Source Files\Controller</Filter>
    </ClCompile>
    <ClCompile Include="src\controller\preferencescontroller.cpp">
      <Filter>Source Files\Controller</Filter>
    </ClCompile>
    <ClCompile Include="src\controller\worktrackercontroller.cpp">
      <Filter>Source Files\Controller</Filter>
    </ClCompile>
    <ClCompile Include="src\helper.cpp">
      <Filter>Source Files</Filter>
    </ClCompile>
    <ClCompile Include="src\main.cpp">
      <Filter>Source Files</Filter>
    </ClCompile>
    <ClCompile Include="build\GeneratedFiles\Debug\moc_worktracker.cpp">
      <Filter>Generated Files\Debug</Filter>
    </ClCompile>
    <ClCompile Include="build\GeneratedFiles\Release\moc_worktracker.cpp">
      <Filter>Generated Files\Release</Filter>
    </ClCompile>
    <ClCompile Include="build\GeneratedFiles\Debug\moc_selectworkdaypage.cpp">
      <Filter>Generated Files\Debug</Filter>
    </ClCompile>
    <ClCompile Include="build\GeneratedFiles\Release\moc_selectworkdaypage.cpp">
      <Filter>Generated Files\Release</Filter>
    </ClCompile>
    <ClCompile Include="build\GeneratedFiles\Debug\moc_selecttaskdialog.cpp">
      <Filter>Generated Files\Debug</Filter>
    </ClCompile>
    <ClCompile Include="build\GeneratedFiles\Release\moc_selecttaskdialog.cpp">
      <Filter>Generated Files\Release</Filter>
    </ClCompile>
    <ClCompile Include="build\GeneratedFiles\Debug\moc_preferencesdialog.cpp">
      <Filter>Generated Files\Debug</Filter>
    </ClCompile>
    <ClCompile Include="build\GeneratedFiles\Release\moc_preferencesdialog.cpp">
      <Filter>Generated Files\Release</Filter>
    </ClCompile>
    <ClCompile Include="build\GeneratedFiles\Debug\moc_editworktaskpage.cpp">
      <Filter>Generated Files\Debug</Filter>
    </ClCompile>
    <ClCompile Include="build\GeneratedFiles\Release\moc_editworktaskpage.cpp">
      <Filter>Generated Files\Release</Filter>
    </ClCompile>
    <ClCompile Include="build\GeneratedFiles\Debug\moc_editorwizard.cpp">
      <Filter>Generated Files\Debug</Filter>
    </ClCompile>
    <ClCompile Include="build\GeneratedFiles\Release\moc_editorwizard.cpp">
      <Filter>Generated Files\Release</Filter>
    </ClCompile>
    <ClCompile Include="build\GeneratedFiles\Debug\moc_aboutdialog.cpp">
      <Filter>Generated Files\Debug</Filter>
    </ClCompile>
    <ClCompile Include="build\GeneratedFiles\Release\moc_aboutdialog.cpp">
      <Filter>Generated Files\Release</Filter>
    </ClCompile>
    <ClCompile Include="build\GeneratedFiles\Debug\moc_worktaskmodel.cpp">
      <Filter>Generated Files\Debug</Filter>
    </ClCompile>
    <ClCompile Include="build\GeneratedFiles\Release\moc_worktaskmodel.cpp">
      <Filter>Generated Files\Release</Filter>
    </ClCompile>
    <ClCompile Include="build\GeneratedFiles\Debug\moc_workdaymodel.cpp">
      <Filter>Generated Files\Debug</Filter>
    </ClCompile>
    <ClCompile Include="build\GeneratedFiles\Release\moc_workdaymodel.cpp">
      <Filter>Generated Files\Release</Filter>
    </ClCompile>
    <ClCompile Include="build\GeneratedFiles\Debug\moc_selectedworkdaymodel.cpp">
      <Filter>Generated Files\Debug</Filter>
    </ClCompile>
    <ClCompile Include="build\GeneratedFiles\Release\moc_selectedworkdaymodel.cpp">
      <Filter>Generated Files\Release</Filter>
    </ClCompile>
    <ClCompile Include="build\GeneratedFiles\Debug\moc_workdaydelegate.cpp">
      <Filter>Generated Files\Debug</Filter>
    </ClCompile>
    <ClCompile Include="build\GeneratedFiles\Release\moc_workdaydelegate.cpp">
      <Filter>Generated Files\Release</Filter>
    </ClCompile>
    <ClCompile Include="build\GeneratedFiles\Debug\moc_taskdelegate.cpp">
      <Filter>Generated Files\Debug</Filter>
    </ClCompile>
    <ClCompile Include="build\GeneratedFiles\Release\moc_taskdelegate.cpp">
      <Filter>Generated Files\Release</Filter>
    </ClCompile>
    <ClCompile Include="build\GeneratedFiles\Debug\moc_worktrackercontroller.cpp">
      <Filter>Generated Files\Debug</Filter>
    </ClCompile>
    <ClCompile Include="build\GeneratedFiles\Release\moc_worktrackercontroller.cpp">
      <Filter>Generated Files\Release</Filter>
    </ClCompile>
    <ClCompile Include="build\GeneratedFiles\Debug\moc_preferencescontroller.cpp">
      <Filter>Generated Files\Debug</Filter>
    </ClCompile>
    <ClCompile Include="build\GeneratedFiles\Release\moc_preferencescontroller.cpp">
      <Filter>Generated Files\Release</Filter>
    </ClCompile>
    <ClCompile Include="build\GeneratedFiles\Debug\moc_editorcontroller.cpp">
      <Filter>Generated Files\Debug</Filter>
    </ClCompile>
    <ClCompile Include="build\GeneratedFiles\Release\moc_editorcontroller.cpp">
      <Filter>Generated Files\Release</Filter>
    </ClCompile>
    <ClCompile Include="build\GeneratedFiles\qrc_icons.cpp">
      <Filter>Generated Files</Filter>
    </ClCompile>
    <ClCompile Include="src\model\TaskList.cpp">
      <Filter>Source Files\Model</Filter>
    </ClCompile>
    <ClCompile Include="src\model\WorkDayList.cpp">
      <Filter>Source Files\Model</Filter>
    </ClCompile>
    <ClCompile Include="src\controller\abstractcontroller.cpp">
      <Filter>Source Files\Controller</Filter>
    </ClCompile>
    <ClCompile Include="src\model\datasource.cpp">
      <Filter>Source Files\Model</Filter>
    </ClCompile>
  </ItemGroup>
  <ItemGroup>
    <CustomBuild Include="icons.qrc">
      <Filter>Resource Files</Filter>
    </CustomBuild>
    <CustomBuild Include="ui\aboutdialog.ui">
      <Filter>Form Files</Filter>
    </CustomBuild>
    <CustomBuild Include="ui\editworktaskwidget.ui">
      <Filter>Form Files</Filter>
    </CustomBuild>
    <CustomBuild Include="ui\preferencesdialog.ui">
      <Filter>Form Files</Filter>
    </CustomBuild>
    <CustomBuild Include="ui\selecttaskdialog.ui">
      <Filter>Form Files</Filter>
    </CustomBuild>
    <CustomBuild Include="ui\selectworkdaywidget.ui">
      <Filter>Form Files</Filter>
    </CustomBuild>
    <CustomBuild Include="ui\worktracker.ui">
      <Filter>Form Files</Filter>
    </CustomBuild>
    <CustomBuild Include="src\controller\editorcontroller.h">
      <Filter>Header Files\Controller</Filter>
    </CustomBuild>
    <CustomBuild Include="src\controller\preferencescontroller.h">
      <Filter>Header Files\Controller</Filter>
    </CustomBuild>
    <CustomBuild Include="src\controller\worktrackercontroller.h">
      <Filter>Header Files\Controller</Filter>
    </CustomBuild>
    <CustomBuild Include="src\model\task.h">
      <Filter>Header Files\Model</Filter>
    </CustomBuild>
    <CustomBuild Include="src\model\xmldata.h">
      <Filter>Header Files\Model</Filter>
    </CustomBuild>
    <CustomBuild Include="src\ui\delegate\taskdelegate.h">
      <Filter>Header Files\UI\Delegate</Filter>
    </CustomBuild>
    <CustomBuild Include="src\ui\delegate\workdaydelegate.h">
      <Filter>Header Files\UI\Delegate</Filter>
    </CustomBuild>
    <CustomBuild Include="src\ui\model\selectedworkdaymodel.h">
      <Filter>Header Files\UI\Model</Filter>
    </CustomBuild>
    <CustomBuild Include="src\ui\model\workdaymodel.h">
      <Filter>Header Files\UI\Model</Filter>
    </CustomBuild>
    <CustomBuild Include="src\ui\model\worktaskmodel.h">
      <Filter>Header Files\UI\Model</Filter>
    </CustomBuild>
    <CustomBuild Include="src\ui\aboutdialog.h">
      <Filter>Header Files\UI</Filter>
    </CustomBuild>
    <CustomBuild Include="src\ui\editorwizard.h">
      <Filter>Header Files\UI</Filter>
    </CustomBuild>
    <CustomBuild Include="src\ui\editworktaskpage.h">
      <Filter>Header Files\UI</Filter>
    </CustomBuild>
    <CustomBuild Include="src\ui\preferencesdialog.h">
      <Filter>Header Files\UI</Filter>
    </CustomBuild>
    <CustomBuild Include="src\ui\selecttaskdialog.h">
      <Filter>Header Files\UI</Filter>
    </CustomBuild>
    <CustomBuild Include="src\ui\selectworkdaypage.h">
      <Filter>Header Files\UI</Filter>
    </CustomBuild>
    <CustomBuild Include="src\ui\worktracker.h">
      <Filter>Header Files\UI</Filter>
    </CustomBuild>
  </ItemGroup>
  <ItemGroup>
    <Image Include="icon\Icon128.png">
      <Filter>Resource Files</Filter>
    </Image>
    <Image Include="icon\Icon16.png">
      <Filter>Resource Files</Filter>
    </Image>
    <Image Include="icon\icon.ico" />
  </ItemGroup>
  <ItemGroup>
    <None Include="icon\Start-Day.svg">
      <Filter>Resource Files</Filter>
    </None>
    <None Include="icon\Stop-Day.svg">
      <Filter>Resource Files</Filter>
    </None>
    <None Include="icon\Summary.svg">
      <Filter>Resource Files</Filter>
    </None>
    <None Include="icon\Stop-Task.svg">
      <Filter>Resource Files</Filter>
    </None>
    <None Include="icon\Start-Task.svg">
      <Filter>Resource Files</Filter>
    </None>
    <None Include="icon\Select.svg">
      <Filter>Resource Files</Filter>
    </None>
    <None Include="icon\About.svg">
      <Filter>Resource Files</Filter>
    </None>
    <None Include="icon\Quit.svg">
      <Filter>Resource Files</Filter>
    </None>
    <None Include="icon\Edit.svg">
      <Filter>Resource Files</Filter>
    </None>
    <None Include="icon\Preferences.svg">
      <Filter>Resource Files</Filter>
    </None>
    <None Include="icon\Flag_de_DE.svg">
      <Filter>Resource Files</Filter>
    </None>
    <None Include="icon\Flag_en_US.svg">
      <Filter>Resource Files</Filter>
    </None>
    <None Include="icon\About-Qt.svg">
      <Filter>Resource Files</Filter>
    </None>
    <None Include="icon\Add.svg">
      <Filter>Resource Files</Filter>
    </None>
    <None Include="icon\Remove.svg">
      <Filter>Resource Files</Filter>
    </None>
  </ItemGroup>
  <ItemGroup>
    <ClInclude Include="src\model\workday.h">
      <Filter>Header Files\Model</Filter>
    </ClInclude>
    <ClInclude Include="src\model\worktask.h">
      <Filter>Header Files\Model</Filter>
    </ClInclude>
    <ClInclude Include="src\model\worktime.h">
      <Filter>Header Files\Model</Filter>
    </ClInclude>
    <ClInclude Include="src\ui\model\tasklistmodel.h">
      <Filter>Header Files\UI\Model</Filter>
    </ClInclude>
    <ClInclude Include="src\helper.h">
      <Filter>Header Files</Filter>
    </ClInclude>
    <ClInclude Include="build\GeneratedFiles\ui_preferencesdialog.h">
      <Filter>Generated Files</Filter>
    </ClInclude>
    <ClInclude Include="build\GeneratedFiles\ui_editworktaskwidget.h">
      <Filter>Generated Files</Filter>
    </ClInclude>
    <ClInclude Include="build\GeneratedFiles\ui_aboutdialog.h">
      <Filter>Generated Files</Filter>
    </ClInclude>
    <ClInclude Include="build\GeneratedFiles\ui_selecttaskdialog.h">
      <Filter>Generated Files</Filter>
    </ClInclude>
    <ClInclude Include="build\GeneratedFiles\ui_selectworkdaywidget.h">
      <Filter>Generated Files</Filter>
    </ClInclude>
    <ClInclude Include="build\GeneratedFiles\ui_worktracker.h">
      <Filter>Generated Files</Filter>
    </ClInclude>
    <ClInclude Include="src\model\TaskList.h">
      <Filter>Header Files\Model</Filter>
    </ClInclude>
    <ClInclude Include="src\model\WorkDayList.h">
      <Filter>Header Files\Model</Filter>
    </ClInclude>
    <ClInclude Include="src\controller\abstractcontroller.h">
      <Filter>Header Files\Controller</Filter>
    </ClInclude>
    <ClInclude Include="src\model\datasource.h">
      <Filter>Header Files\Model</Filter>
    </ClInclude>
  </ItemGroup>
  <ItemGroup>
    <ResourceCompile Include="WorkTracker.rc" />
  </ItemGroup>
</Project>